// !$*UTF8*$!
{
	archiveVersion = 1;
	classes = {
	};
	objectVersion = 46;
	objects = {

/* Begin PBXBuildFile section */
		C6D3A04B1F2182DB007BD01A /* AppDelegate.swift in Sources */ = {isa = PBXBuildFile; fileRef = C6D3A04A1F2182DB007BD01A /* AppDelegate.swift */; };
		C6D3A04D1F2182DB007BD01A /* ViewController.swift in Sources */ = {isa = PBXBuildFile; fileRef = C6D3A04C1F2182DB007BD01A /* ViewController.swift */; };
		C6D3A0501F2182DB007BD01A /* Main.storyboard in Resources */ = {isa = PBXBuildFile; fileRef = C6D3A04E1F2182DB007BD01A /* Main.storyboard */; };
		C6D3A0521F2182DB007BD01A /* Assets.xcassets in Resources */ = {isa = PBXBuildFile; fileRef = C6D3A0511F2182DB007BD01A /* Assets.xcassets */; };
		C6D3A0551F2182DB007BD01A /* LaunchScreen.storyboard in Resources */ = {isa = PBXBuildFile; fileRef = C6D3A0531F2182DB007BD01A /* LaunchScreen.storyboard */; };
/* End PBXBuildFile section */

/* Begin PBXFileReference section */
		C6D3A0471F2182DB007BD01A /* Hello World.app */ = {isa = PBXFileReference; explicitFileType = wrapper.application; includeInIndex = 0; path = "Hello World.app"; sourceTree = BUILT_PRODUCTS_DIR; };
		C6D3A04A1F2182DB007BD01A /* AppDelegate.swift */ = {isa = PBXFileReference; lastKnownFileType = sourcecode.swift; path = AppDelegate.swift; sourceTree = "<group>"; };
		C6D3A04C1F2182DB007BD01A /* ViewController.swift */ = {isa = PBXFileReference; lastKnownFileType = sourcecode.swift; path = ViewController.swift; sourceTree = "<group>"; };
		C6D3A04F1F2182DB007BD01A /* Base */ = {isa = PBXFileReference; lastKnownFileType = file.storyboard; name = Base; path = Base.lproj/Main.storyboard; sourceTree = "<group>"; };
		C6D3A0511F2182DB007BD01A /* Assets.xcassets */ = {isa = PBXFileReference; lastKnownFileType = folder.assetcatalog; path = Assets.xcassets; sourceTree = "<group>"; };
		C6D3A0541F2182DB007BD01A /* Base */ = {isa = PBXFileReference; lastKnownFileType = file.storyboard; name = Base; path = Base.lproj/LaunchScreen.storyboard; sourceTree = "<group>"; };
		C6D3A0561F2182DB007BD01A /* Info.plist */ = {isa = PBXFileReference; lastKnownFileType = text.plist.xml; path = Info.plist; sourceTree = "<group>"; };
/* End PBXFileReference section */

/* Begin PBXFrameworksBuildPhase section */
		C6D3A0441F2182DB007BD01A /* Frameworks */ = {
			isa = PBXFrameworksBuildPhase;
			buildActionMask = 2147483647;
			files = (
			);
			runOnlyForDeploymentPostprocessing = 0;
		};
/* End PBXFrameworksBuildPhase section */

/* Begin PBXGroup section */
		C6D3A03E1F2182DB007BD01A = {
			isa = PBXGroup;
			children = (
				C6D3A0491F2182DB007BD01A /* Hello World */,
				C6D3A0481F2182DB007BD01A /* Products */,
			);
			sourceTree = "<group>";
		};
		C6D3A0481F2182DB007BD01A /* Products */ = {
			isa = PBXGroup;
			children = (
				C6D3A0471F2182DB007BD01A /* Hello World.app */,
			);
			name = Products;
			sourceTree = "<group>";
		};
		C6D3A0491F2182DB007BD01A /* Hello World */ = {
			isa = PBXGroup;
			children = (
				C6D3A04A1F2182DB007BD01A /* AppDelegate.swift */,
				C6D3A04C1F2182DB007BD01A /* ViewController.swift */,
				C6D3A04E1F2182DB007BD01A /* Main.storyboard */,
				C6D3A0511F2182DB007BD01A /* Assets.xcassets */,
				C6D3A0531F2182DB007BD01A /* LaunchScreen.storyboard */,
				C6D3A0561F2182DB007BD01A /* Info.plist */,
			);
			path = "Hello World";
			sourceTree = "<group>";
		};
/* End PBXGroup section */

/* Begin PBXNativeTarget section */
		C6D3A0461F2182DB007BD01A /* Hello World */ = {
			isa = PBXNativeTarget;
			buildConfigurationList = C6D3A0591F2182DB007BD01A /* Build configuration list for PBXNativeTarget "Hello World" */;
			buildPhases = (
				C6D3A0431F2182DB007BD01A /* Sources */,
				C6D3A0441F2182DB007BD01A /* Frameworks */,
				C6D3A0451F2182DB007BD01A /* Resources */,
			);
			buildRules = (
			);
			dependencies = (
			);
			name = "Hello World";
			productName = "Hello World";
			productReference = C6D3A0471F2182DB007BD01A /* Hello World.app */;
			productType = "com.apple.product-type.application";
		};
/* End PBXNativeTarget section */

/* Begin PBXProject section */
		C6D3A03F1F2182DB007BD01A /* Project object */ = {
			isa = PBXProject;
			attributes = {
				LastSwiftUpdateCheck = 0830;
				LastUpgradeCheck = 0830;
				ORGANIZATIONNAME = URMANI;
				TargetAttributes = {
					C6D3A0461F2182DB007BD01A = {
						CreatedOnToolsVersion = 8.3.3;
						DevelopmentTeam = C7R3D64FBH;
						ProvisioningStyle = Manual;
					};
				};
			};
			buildConfigurationList = C6D3A0421F2182DB007BD01A /* Build configuration list for PBXProject "Hello World" */;
			compatibilityVersion = "Xcode 3.2";
			developmentRegion = English;
			hasScannedForEncodings = 0;
			knownRegions = (
				en,
				Base,
			);
			mainGroup = C6D3A03E1F2182DB007BD01A;
			productRefGroup = C6D3A0481F2182DB007BD01A /* Products */;
			projectDirPath = "";
			projectRoot = "";
			targets = (
				C6D3A0461F2182DB007BD01A /* Hello World */,
			);
		};
/* End PBXProject section */

/* Begin PBXResourcesBuildPhase section */
		C6D3A0451F2182DB007BD01A /* Resources */ = {
			isa = PBXResourcesBuildPhase;
			buildActionMask = 2147483647;
			files = (
				C6D3A0551F2182DB007BD01A /* LaunchScreen.storyboard in Resources */,
				C6D3A0521F2182DB007BD01A /* Assets.xcassets in Resources */,
				C6D3A0501F2182DB007BD01A /* Main.storyboard in Resources */,
			);
			runOnlyForDeploymentPostprocessing = 0;
		};
/* End PBXResourcesBuildPhase section */

/* Begin PBXSourcesBuildPhase section */
		C6D3A0431F2182DB007BD01A /* Sources */ = {
			isa = PBXSourcesBuildPhase;
			buildActionMask = 2147483647;
			files = (
				C6D3A04D1F2182DB007BD01A /* ViewController.swift in Sources */,
				C6D3A04B1F2182DB007BD01A /* AppDelegate.swift in Sources */,
			);
			runOnlyForDeploymentPostprocessing = 0;
		};
/* End PBXSourcesBuildPhase section */

/* Begin PBXVariantGroup section */
		C6D3A04E1F2182DB007BD01A /* Main.storyboard */ = {
			isa = PBXVariantGroup;
			children = (
				C6D3A04F1F2182DB007BD01A /* Base */,
			);
			name = Main.storyboard;
			sourceTree = "<group>";
		};
		C6D3A0531F2182DB007BD01A /* LaunchScreen.storyboard */ = {
			isa = PBXVariantGroup;
			children = (
				C6D3A0541F2182DB007BD01A /* Base */,
			);
			name = LaunchScreen.storyboard;
			sourceTree = "<group>";
		};
/* End PBXVariantGroup section */

/* Begin XCBuildConfiguration section */
		C6D3A0571F2182DB007BD01A /* Debug */ = {
			isa = XCBuildConfiguration;
			buildSettings = {
				ALWAYS_SEARCH_USER_PATHS = NO;
				CLANG_ANALYZER_NONNULL = YES;
				CLANG_ANALYZER_NUMBER_OBJECT_CONVERSION = YES_AGGRESSIVE;
				CLANG_CXX_LANGUAGE_STANDARD = "gnu++0x";
				CLANG_CXX_LIBRARY = "libc++";
				CLANG_ENABLE_MODULES = YES;
				CLANG_ENABLE_OBJC_ARC = YES;
				CLANG_WARN_BOOL_CONVERSION = YES;
				CLANG_WARN_CONSTANT_CONVERSION = YES;
				CLANG_WARN_DIRECT_OBJC_ISA_USAGE = YES_ERROR;
				CLANG_WARN_DOCUMENTATION_COMMENTS = YES;
				CLANG_WARN_EMPTY_BODY = YES;
				CLANG_WARN_ENUM_CONVERSION = YES;
				CLANG_WARN_INFINITE_RECURSION = YES;
				CLANG_WARN_INT_CONVERSION = YES;
				CLANG_WARN_OBJC_ROOT_CLASS = YES_ERROR;
				CLANG_WARN_SUSPICIOUS_MOVE = YES;
				CLANG_WARN_UNREACHABLE_CODE = YES;
				CLANG_WARN__DUPLICATE_METHOD_MATCH = YES;
				"CODE_SIGN_IDENTITY[sdk=iphoneos*]" = "iPhone Developer";
				COPY_PHASE_STRIP = NO;
				DEBUG_INFORMATION_FORMAT = dwarf;
				ENABLE_STRICT_OBJC_MSGSEND = YES;
				ENABLE_TESTABILITY = YES;
				GCC_C_LANGUAGE_STANDARD = gnu99;
				GCC_DYNAMIC_NO_PIC = NO;
				GCC_NO_COMMON_BLOCKS = YES;
				GCC_OPTIMIZATION_LEVEL = 0;
				GCC_PREPROCESSOR_DEFINITIONS = (
					"DEBUG=1",
					"$(inherited)",
				);
				GCC_WARN_64_TO_32_BIT_CONVERSION = YES;
				GCC_WARN_ABOUT_RETURN_TYPE = YES_ERROR;
				GCC_WARN_UNDECLARED_SELECTOR = YES;
				GCC_WARN_UNINITIALIZED_AUTOS = YES_AGGRESSIVE;
				GCC_WARN_UNUSED_FUNCTION = YES;
				GCC_WARN_UNUSED_VARIABLE = YES;
				IPHONEOS_DEPLOYMENT_TARGET = 10.3;
				MTL_ENABLE_DEBUG_INFO = YES;
				ONLY_ACTIVE_ARCH = YES;
				SDKROOT = iphoneos;
				SWIFT_ACTIVE_COMPILATION_CONDITIONS = DEBUG;
				SWIFT_OPTIMIZATION_LEVEL = "-Onone";
			};
			name = Debug;
		};
		C6D3A0581F2182DB007BD01A /* Release */ = {
			isa = XCBuildConfiguration;
			buildSettings = {
				ALWAYS_SEARCH_USER_PATHS = NO;
				CLANG_ANALYZER_NONNULL = YES;
				CLANG_ANALYZER_NUMBER_OBJECT_CONVERSION = YES_AGGRESSIVE;
				CLANG_CXX_LANGUAGE_STANDARD = "gnu++0x";
				CLANG_CXX_LIBRARY = "libc++";
				CLANG_ENABLE_MODULES = YES;
				CLANG_ENABLE_OBJC_ARC = YES;
				CLANG_WARN_BOOL_CONVERSION = YES;
				CLANG_WARN_CONSTANT_CONVERSION = YES;
				CLANG_WARN_DIRECT_OBJC_ISA_USAGE = YES_ERROR;
				CLANG_WARN_DOCUMENTATION_COMMENTS = YES;
				CLANG_WARN_EMPTY_BODY = YES;
				CLANG_WARN_ENUM_CONVERSION = YES;
				CLANG_WARN_INFINITE_RECURSION = YES;
				CLANG_WARN_INT_CONVERSION = YES;
				CLANG_WARN_OBJC_ROOT_CLASS = YES_ERROR;
				CLANG_WARN_SUSPICIOUS_MOVE = YES;
				CLANG_WARN_UNREACHABLE_CODE = YES;
				CLANG_WARN__DUPLICATE_METHOD_MATCH = YES;
				"CODE_SIGN_IDENTITY[sdk=iphoneos*]" = "iPhone Developer";
				COPY_PHASE_STRIP = NO;
				DEBUG_INFORMATION_FORMAT = "dwarf-with-dsym";
				ENABLE_NS_ASSERTIONS = NO;
				ENABLE_STRICT_OBJC_MSGSEND = YES;
				GCC_C_LANGUAGE_STANDARD = gnu99;
				GCC_NO_COMMON_BLOCKS = YES;
				GCC_WARN_64_TO_32_BIT_CONVERSION = YES;
				GCC_WARN_ABOUT_RETURN_TYPE = YES_ERROR;
				GCC_WARN_UNDECLARED_SELECTOR = YES;
				GCC_WARN_UNINITIALIZED_AUTOS = YES_AGGRESSIVE;
				GCC_WARN_UNUSED_FUNCTION = YES;
				GCC_WARN_UNUSED_VARIABLE = YES;
				IPHONEOS_DEPLOYMENT_TARGET = 10.3;
				MTL_ENABLE_DEBUG_INFO = NO;
				SDKROOT = iphoneos;
				SWIFT_OPTIMIZATION_LEVEL = "-Owholemodule";
				VALIDATE_PRODUCT = YES;
			};
			name = Release;
		};
		C6D3A05A1F2182DB007BD01A /* Debug */ = {
			isa = XCBuildConfiguration;
			buildSettings = {
				ASSETCATALOG_COMPILER_APPICON_NAME = AppIcon;
				DEVELOPMENT_TEAM = C7R3D64FBH;
				INFOPLIST_FILE = "Hello World/Info.plist";
				LD_RUNPATH_SEARCH_PATHS = "$(inherited) @executable_path/Frameworks";
				PRODUCT_BUNDLE_IDENTIFIER = "com.domainname.Hello-World";
				PRODUCT_NAME = "$(TARGET_NAME)";
				PROVISIONING_PROFILE = "adbdb687-a0ef-4f01-902e-46645c30025a";
				PROVISIONING_PROFILE_SPECIFIER = WildCardProvisioningProfile;
				SWIFT_VERSION = 3.0;
			};
			name = Debug;
		};
		C6D3A05B1F2182DB007BD01A /* Release */ = {
			isa = XCBuildConfiguration;
			buildSettings = {
				ASSETCATALOG_COMPILER_APPICON_NAME = AppIcon;
				DEVELOPMENT_TEAM = C7R3D64FBH;
				INFOPLIST_FILE = "Hello World/Info.plist";
				LD_RUNPATH_SEARCH_PATHS = "$(inherited) @executable_path/Frameworks";
				PRODUCT_BUNDLE_IDENTIFIER = "com.domainname.Hello-World";
				PRODUCT_NAME = "$(TARGET_NAME)";
				PROVISIONING_PROFILE = "adbdb687-a0ef-4f01-902e-46645c30025a";
				PROVISIONING_PROFILE_SPECIFIER = WildCardProvisioningProfile;
				SWIFT_VERSION = 3.0;
			};
			name = Release;
		};
/* End XCBuildConfiguration section */

/* Begin XCConfigurationList section */
		C6D3A0421F2182DB007BD01A /* Build configuration list for PBXProject "Hello World" */ = {
			isa = XCConfigurationList;
			buildConfigurations = (
				C6D3A0571F2182DB007BD01A /* Debug */,
				C6D3A0581F2182DB007BD01A /* Release */,
			);
			defaultConfigurationIsVisible = 0;
			defaultConfigurationName = Release;
		};
		C6D3A0591F2182DB007BD01A /* Build configuration list for PBXNativeTarget "Hello World" */ = {
			isa = XCConfigurationList;
			buildConfigurations = (
				C6D3A05A1F2182DB007BD01A /* Debug */,
				C6D3A05B1F2182DB007BD01A /* Release */,
			);
			defaultConfigurationIsVisible = 0;
		};
/* End XCConfigurationList section */
	};
	rootObject = C6D3A03F1F2182DB007BD01A /* Project object */;
}
